
Microsoft Visual Studio Solution File, Format Version 12.00
# Visual Studio 15
VisualStudioVersion = 15.0.28307.902
MinimumVisualStudioVersion = 10.0.40219.1
Project("{FAE04EC0-301F-11D3-BF4B-00C04F79EFBC}") = "Userservice1", "Userservice1\Userservice1.csproj", "{39749640-102B-471C-B9ED-76529BD5646D}"
EndProject
Global
	GlobalSection(SolutionConfigurationPlatforms) = preSolution
		Debug|Any CPU = Debug|Any CPU
		Release|Any CPU = Release|Any CPU
	EndGlobalSection
	GlobalSection(ProjectConfigurationPlatforms) = postSolution
		{39749640-102B-471C-B9ED-76529BD5646D}.Debug|Any CPU.ActiveCfg = Debug|Any CPU
		{39749640-102B-471C-B9ED-76529BD5646D}.Debug|Any CPU.Build.0 = Debug|Any CPU
		{39749640-102B-471C-B9ED-76529BD5646D}.Release|Any CPU.ActiveCfg = Release|Any CPU
		{39749640-102B-471C-B9ED-76529BD5646D}.Release|Any CPU.Build.0 = Release|Any CPU
	EndGlobalSection
	GlobalSection(SolutionProperties) = preSolution
		HideSolutionNode = FALSE
	EndGlobalSection
	GlobalSection(ExtensibilityGlobals) = postSolution
		SolutionGuid = {7300F619-90BD-400A-BC5E-607C1D9670D2}
	EndGlobalSection
EndGlobal
